
Microsoft Visual Studio Solution File, Format Version 12.00
# Visual Studio Version 16
VisualStudioVersion = 16.0.29409.12
MinimumVisualStudioVersion = 10.0.40219.1
Project("{9A19103F-16F7-4668-BE54-9A1E7A4F7556}") = "Scheduler.Model", "Scheduler.Model\Scheduler.Model.csproj", "{686E4421-7945-451D-83BA-CFB8DEFECCD1}"
EndProject
Project("{9A19103F-16F7-4668-BE54-9A1E7A4F7556}") = "Scheduler.Data", "Scheduler.Data\Scheduler.Data.csproj", "{746C7C73-46A3-4EF7-93B9-D6C619EEABFB}"
EndProject
Project("{9A19103F-16F7-4668-BE54-9A1E7A4F7556}") = "Scheduler.API", "Scheduler.API\Scheduler.API.csproj", "{8FAE07CD-893E-4A7E-BFE4-0AEF8E417D73}"
EndProject
Global
	GlobalSection(SolutionConfigurationPlatforms) = preSolution
		Debug|Any CPU = Debug|Any CPU
		Release|Any CPU = Release|Any CPU
	EndGlobalSection
	GlobalSection(ProjectConfigurationPlatforms) = postSolution
		{686E4421-7945-451D-83BA-CFB8DEFECCD1}.Debug|Any CPU.ActiveCfg = Debug|Any CPU
		{686E4421-7945-451D-83BA-CFB8DEFECCD1}.Debug|Any CPU.Build.0 = Debug|Any CPU
		{686E4421-7945-451D-83BA-CFB8DEFECCD1}.Release|Any CPU.ActiveCfg = Release|Any CPU
		{686E4421-7945-451D-83BA-CFB8DEFECCD1}.Release|Any CPU.Build.0 = Release|Any CPU
		{746C7C73-46A3-4EF7-93B9-D6C619EEABFB}.Debug|Any CPU.ActiveCfg = Debug|Any CPU
		{746C7C73-46A3-4EF7-93B9-D6C619EEABFB}.Debug|Any CPU.Build.0 = Debug|Any CPU
		{746C7C73-46A3-4EF7-93B9-D6C619EEABFB}.Release|Any CPU.ActiveCfg = Release|Any CPU
		{746C7C73-46A3-4EF7-93B9-D6C619EEABFB}.Release|Any CPU.Build.0 = Release|Any CPU
		{8FAE07CD-893E-4A7E-BFE4-0AEF8E417D73}.Debug|Any CPU.ActiveCfg = Debug|Any CPU
		{8FAE07CD-893E-4A7E-BFE4-0AEF8E417D73}.Debug|Any CPU.Build.0 = Debug|Any CPU
		{8FAE07CD-893E-4A7E-BFE4-0AEF8E417D73}.Release|Any CPU.ActiveCfg = Release|Any CPU
		{8FAE07CD-893E-4A7E-BFE4-0AEF8E417D73}.Release|Any CPU.Build.0 = Release|Any CPU
	EndGlobalSection
	GlobalSection(SolutionProperties) = preSolution
		HideSolutionNode = FALSE
	EndGlobalSection
	GlobalSection(ExtensibilityGlobals) = postSolution
		SolutionGuid = {0EEB9AEC-E9FD-4498-9A23-6DA7909C53D4}
	EndGlobalSection
EndGlobal
